
Microsoft Visual Studio Solution File, Format Version 12.00
# Visual Studio Version 16
VisualStudioVersion = 16.0.31129.286
MinimumVisualStudioVersion = 10.0.40219.1
Project("{FAE04EC0-301F-11D3-BF4B-00C04F79EFBC}") = "Static _partial_methods", "Static _partial_methods\Static _partial_methods.csproj", "{3FFD9E8D-661B-47CC-AF76-9A3E439DC299}"
EndProject
Global
	GlobalSection(SolutionConfigurationPlatforms) = preSolution
		Debug|Any CPU = Debug|Any CPU
		Release|Any CPU = Release|Any CPU
	EndGlobalSection
	GlobalSection(ProjectConfigurationPlatforms) = postSolution
		{3FFD9E8D-661B-47CC-AF76-9A3E439DC299}.Debug|Any CPU.ActiveCfg = Debug|Any CPU
		{3FFD9E8D-661B-47CC-AF76-9A3E439DC299}.Debug|Any CPU.Build.0 = Debug|Any CPU
		{3FFD9E8D-661B-47CC-AF76-9A3E439DC299}.Release|Any CPU.ActiveCfg = Release|Any CPU
		{3FFD9E8D-661B-47CC-AF76-9A3E439DC299}.Release|Any CPU.Build.0 = Release|Any CPU
	EndGlobalSection
	GlobalSection(SolutionProperties) = preSolution
		HideSolutionNode = FALSE
	EndGlobalSection
	GlobalSection(ExtensibilityGlobals) = postSolution
		SolutionGuid = {6D550AB5-78CE-4EE1-ABEB-DFAD20D001F3}
	EndGlobalSection
EndGlobal
